// !$*UTF8*$!
{
	archiveVersion = 1;
	classes = {
	};
	objectVersion = 47;
	objects = {

/* Begin PBXBuildFile section */
		265719681BBA2D1D00D29495 /* LogInViewController.swift in Sources */ = {isa = PBXBuildFile; fileRef = 265719671BBA2D1D00D29495 /* LogInViewController.swift */; settings = {ASSET_TAGS = (); }; };
		26CBE1331BCC6EDD00EE78C9 /* SignUpViewController.swift in Sources */ = {isa = PBXBuildFile; fileRef = 26CBE1321BCC6EDD00EE78C9 /* SignUpViewController.swift */; settings = {ASSET_TAGS = (); }; };
		26D80D9C1BA3AE930012ECBC /* GroceryItemViewController.swift in Sources */ = {isa = PBXBuildFile; fileRef = 26D80D9B1BA3AE930012ECBC /* GroceryItemViewController.swift */; };
		26D80DA11BA3AE930012ECBC /* Images.xcassets in Resources */ = {isa = PBXBuildFile; fileRef = 26D80DA01BA3AE930012ECBC /* Images.xcassets */; };
		26D80DA41BA3AE930012ECBC /* LaunchScreen.xib in Resources */ = {isa = PBXBuildFile; fileRef = 26D80DA21BA3AE930012ECBC /* LaunchScreen.xib */; };
		26D80DB01BA3AE930012ECBC /* HomekeeperTests.swift in Sources */ = {isa = PBXBuildFile; fileRef = 26D80DAF1BA3AE930012ECBC /* HomekeeperTests.swift */; };
		2F9B38E21BC9EF3000D3D090 /* GroceryItem.swift in Sources */ = {isa = PBXBuildFile; fileRef = 2F9B38E11BC9EF3000D3D090 /* GroceryItem.swift */; settings = {ASSET_TAGS = (); }; };
		2F9B38E51BCAC29500D3D090 /* GroceryItemTableViewCell.swift in Sources */ = {isa = PBXBuildFile; fileRef = 2F9B38E41BCAC29500D3D090 /* GroceryItemTableViewCell.swift */; settings = {ASSET_TAGS = (); }; };
		2F9B38E81BCAC5E600D3D090 /* GroceryTableViewController.swift in Sources */ = {isa = PBXBuildFile; fileRef = 2F9B38E61BCAC5E600D3D090 /* GroceryTableViewController.swift */; settings = {ASSET_TAGS = (); }; };
		2F9B38E91BCAC5E600D3D090 /* GroceryTableViewController.xib in Resources */ = {isa = PBXBuildFile; fileRef = 2F9B38E71BCAC5E600D3D090 /* GroceryTableViewController.xib */; settings = {ASSET_TAGS = (); }; };
		2F9B38EF1BCF430100D3D090 /* GroceryList.storyboard in Resources */ = {isa = PBXBuildFile; fileRef = 2F9B38EE1BCF430100D3D090 /* GroceryList.storyboard */; settings = {ASSET_TAGS = (); }; };
		2FDBCCB81BCF545600DEFA75 /* LogInMain.storyboard in Resources */ = {isa = PBXBuildFile; fileRef = 2FDBCCB71BCF545600DEFA75 /* LogInMain.storyboard */; settings = {ASSET_TAGS = (); }; };
		3F6F8F081BD048A200359A64 /* AppDelegate.swift in Sources */ = {isa = PBXBuildFile; fileRef = 3F6F8F071BD048A200359A64 /* AppDelegate.swift */; settings = {ASSET_TAGS = (); }; };
		3F6F8F121BD0491400359A64 /* BaseTableViewCell.swift in Sources */ = {isa = PBXBuildFile; fileRef = 3F6F8F091BD0491400359A64 /* BaseTableViewCell.swift */; settings = {ASSET_TAGS = (); }; };
		3F6F8F131BD0491400359A64 /* ContainerViewController.swift in Sources */ = {isa = PBXBuildFile; fileRef = 3F6F8F0A1BD0491400359A64 /* ContainerViewController.swift */; settings = {ASSET_TAGS = (); }; };
		3F6F8F141BD0491400359A64 /* DebtViewController.swift in Sources */ = {isa = PBXBuildFile; fileRef = 3F6F8F0B1BD0491400359A64 /* DebtViewController.swift */; settings = {ASSET_TAGS = (); }; };
		3F6F8F151BD0491400359A64 /* LeftViewController.swift in Sources */ = {isa = PBXBuildFile; fileRef = 3F6F8F0C1BD0491400359A64 /* LeftViewController.swift */; settings = {ASSET_TAGS = (); }; };
		3F6F8F161BD0491400359A64 /* OptionsViewController.swift in Sources */ = {isa = PBXBuildFile; fileRef = 3F6F8F0D1BD0491400359A64 /* OptionsViewController.swift */; settings = {ASSET_TAGS = (); }; };
		3F6F8F171BD0491400359A64 /* SlideMenuController.swift in Sources */ = {isa = PBXBuildFile; fileRef = 3F6F8F0E1BD0491400359A64 /* SlideMenuController.swift */; settings = {ASSET_TAGS = (); }; };
		3F6F8F181BD0491400359A64 /* StringExtension.swift in Sources */ = {isa = PBXBuildFile; fileRef = 3F6F8F0F1BD0491400359A64 /* StringExtension.swift */; settings = {ASSET_TAGS = (); }; };
		3F6F8F191BD0491400359A64 /* UITableViewExtension.swift in Sources */ = {isa = PBXBuildFile; fileRef = 3F6F8F101BD0491400359A64 /* UITableViewExtension.swift */; settings = {ASSET_TAGS = (); }; };
		3F6F8F1A1BD0491400359A64 /* UIViewControllerExtension.swift in Sources */ = {isa = PBXBuildFile; fileRef = 3F6F8F111BD0491400359A64 /* UIViewControllerExtension.swift */; settings = {ASSET_TAGS = (); }; };
		3FE6A0891BD0301200C312EA /* Base.lproj in Resources */ = {isa = PBXBuildFile; fileRef = 3FE6A07A1BD0301200C312EA /* Base.lproj */; settings = {ASSET_TAGS = (); }; };
		3FE6A08E1BD0301200C312EA /* Info.plist in Resources */ = {isa = PBXBuildFile; fileRef = 3FE6A07F1BD0301200C312EA /* Info.plist */; settings = {ASSET_TAGS = (); }; };
		3FE6A0911BD0301200C312EA /* Popover.storyboard in Resources */ = {isa = PBXBuildFile; fileRef = 3FE6A0821BD0301200C312EA /* Popover.storyboard */; settings = {ASSET_TAGS = (); }; };
		3FE6A0961BD0301200C312EA /* ViewController.swift in Sources */ = {isa = PBXBuildFile; fileRef = 3FE6A0871BD0301200C312EA /* ViewController.swift */; settings = {ASSET_TAGS = (); }; };
		3FE6A0981BD0310B00C312EA /* ChatViewController.swift in Sources */ = {isa = PBXBuildFile; fileRef = 3FE6A0971BD0310B00C312EA /* ChatViewController.swift */; settings = {ASSET_TAGS = (); }; };
		C7238548133FC4CF609D6303 /* libPods.a in Frameworks */ = {isa = PBXBuildFile; fileRef = 9BC0D5C18339632B07140312 /* libPods.a */; };
/* End PBXBuildFile section */

/* Begin PBXContainerItemProxy section */
		26D80DAA1BA3AE930012ECBC /* PBXContainerItemProxy */ = {
			isa = PBXContainerItemProxy;
			containerPortal = 26D80D8C1BA3AE930012ECBC /* Project object */;
			proxyType = 1;
			remoteGlobalIDString = 26D80D931BA3AE930012ECBC;
			remoteInfo = Homekeeper;
		};
/* End PBXContainerItemProxy section */

/* Begin PBXFileReference section */
		265719671BBA2D1D00D29495 /* LogInViewController.swift */ = {isa = PBXFileReference; fileEncoding = 4; lastKnownFileType = sourcecode.swift; path = LogInViewController.swift; sourceTree = "<group>"; };
		26CBE1321BCC6EDD00EE78C9 /* SignUpViewController.swift */ = {isa = PBXFileReference; fileEncoding = 4; lastKnownFileType = sourcecode.swift; path = SignUpViewController.swift; sourceTree = "<group>"; };
		26D80D941BA3AE930012ECBC /* Homekeeper.app */ = {isa = PBXFileReference; explicitFileType = wrapper.application; includeInIndex = 0; path = Homekeeper.app; sourceTree = BUILT_PRODUCTS_DIR; };
		26D80D981BA3AE930012ECBC /* Info.plist */ = {isa = PBXFileReference; lastKnownFileType = text.plist.xml; path = Info.plist; sourceTree = "<group>"; };
		26D80D9B1BA3AE930012ECBC /* GroceryItemViewController.swift */ = {isa = PBXFileReference; lastKnownFileType = sourcecode.swift; path = GroceryItemViewController.swift; sourceTree = "<group>"; };
		26D80DA01BA3AE930012ECBC /* Images.xcassets */ = {isa = PBXFileReference; lastKnownFileType = folder.assetcatalog; path = Images.xcassets; sourceTree = "<group>"; };
		26D80DA31BA3AE930012ECBC /* Base */ = {isa = PBXFileReference; lastKnownFileType = file.xib; name = Base; path = Base.lproj/LaunchScreen.xib; sourceTree = "<group>"; };
		26D80DA91BA3AE930012ECBC /* HomekeeperTests.xctest */ = {isa = PBXFileReference; explicitFileType = wrapper.cfbundle; includeInIndex = 0; path = HomekeeperTests.xctest; sourceTree = BUILT_PRODUCTS_DIR; };
		26D80DAE1BA3AE930012ECBC /* Info.plist */ = {isa = PBXFileReference; lastKnownFileType = text.plist.xml; path = Info.plist; sourceTree = "<group>"; };
		26D80DAF1BA3AE930012ECBC /* HomekeeperTests.swift */ = {isa = PBXFileReference; lastKnownFileType = sourcecode.swift; path = HomekeeperTests.swift; sourceTree = "<group>"; };
		2F9B38E11BC9EF3000D3D090 /* GroceryItem.swift */ = {isa = PBXFileReference; fileEncoding = 4; lastKnownFileType = sourcecode.swift; path = GroceryItem.swift; sourceTree = "<group>"; };
		2F9B38E41BCAC29500D3D090 /* GroceryItemTableViewCell.swift */ = {isa = PBXFileReference; fileEncoding = 4; lastKnownFileType = sourcecode.swift; path = GroceryItemTableViewCell.swift; sourceTree = "<group>"; };
		2F9B38E61BCAC5E600D3D090 /* GroceryTableViewController.swift */ = {isa = PBXFileReference; fileEncoding = 4; lastKnownFileType = sourcecode.swift; path = GroceryTableViewController.swift; sourceTree = "<group>"; };
		2F9B38E71BCAC5E600D3D090 /* GroceryTableViewController.xib */ = {isa = PBXFileReference; fileEncoding = 4; lastKnownFileType = file.xib; path = GroceryTableViewController.xib; sourceTree = "<group>"; };
		2F9B38EE1BCF430100D3D090 /* GroceryList.storyboard */ = {isa = PBXFileReference; fileEncoding = 4; lastKnownFileType = file.storyboard; path = GroceryList.storyboard; sourceTree = "<group>"; };
		2FDBCCB71BCF545600DEFA75 /* LogInMain.storyboard */ = {isa = PBXFileReference; fileEncoding = 4; lastKnownFileType = file.storyboard; path = LogInMain.storyboard; sourceTree = "<group>"; };
		3F6F8F071BD048A200359A64 /* AppDelegate.swift */ = {isa = PBXFileReference; fileEncoding = 4; lastKnownFileType = sourcecode.swift; path = AppDelegate.swift; sourceTree = "<group>"; };
		3F6F8F091BD0491400359A64 /* BaseTableViewCell.swift */ = {isa = PBXFileReference; fileEncoding = 4; lastKnownFileType = sourcecode.swift; name = BaseTableViewCell.swift; path = Homekeeper/BaseTableViewCell.swift; sourceTree = "<group>"; };
		3F6F8F0A1BD0491400359A64 /* ContainerViewController.swift */ = {isa = PBXFileReference; fileEncoding = 4; lastKnownFileType = sourcecode.swift; name = ContainerViewController.swift; path = Homekeeper/ContainerViewController.swift; sourceTree = "<group>"; };
		3F6F8F0B1BD0491400359A64 /* DebtViewController.swift */ = {isa = PBXFileReference; fileEncoding = 4; lastKnownFileType = sourcecode.swift; name = DebtViewController.swift; path = Homekeeper/DebtViewController.swift; sourceTree = "<group>"; };
		3F6F8F0C1BD0491400359A64 /* LeftViewController.swift */ = {isa = PBXFileReference; fileEncoding = 4; lastKnownFileType = sourcecode.swift; name = LeftViewController.swift; path = Homekeeper/LeftViewController.swift; sourceTree = "<group>"; };
		3F6F8F0D1BD0491400359A64 /* OptionsViewController.swift */ = {isa = PBXFileReference; fileEncoding = 4; lastKnownFileType = sourcecode.swift; name = OptionsViewController.swift; path = Homekeeper/OptionsViewController.swift; sourceTree = "<group>"; };
		3F6F8F0E1BD0491400359A64 /* SlideMenuController.swift */ = {isa = PBXFileReference; fileEncoding = 4; lastKnownFileType = sourcecode.swift; name = SlideMenuController.swift; path = Homekeeper/SlideMenuController.swift; sourceTree = "<group>"; };
		3F6F8F0F1BD0491400359A64 /* StringExtension.swift */ = {isa = PBXFileReference; fileEncoding = 4; lastKnownFileType = sourcecode.swift; name = StringExtension.swift; path = Homekeeper/StringExtension.swift; sourceTree = "<group>"; };
		3F6F8F101BD0491400359A64 /* UITableViewExtension.swift */ = {isa = PBXFileReference; fileEncoding = 4; lastKnownFileType = sourcecode.swift; name = UITableViewExtension.swift; path = Homekeeper/UITableViewExtension.swift; sourceTree = "<group>"; };
		3F6F8F111BD0491400359A64 /* UIViewControllerExtension.swift */ = {isa = PBXFileReference; fileEncoding = 4; lastKnownFileType = sourcecode.swift; name = UIViewControllerExtension.swift; path = Homekeeper/UIViewControllerExtension.swift; sourceTree = "<group>"; };
		3FE6A07A1BD0301200C312EA /* Base.lproj */ = {isa = PBXFileReference; lastKnownFileType = folder; name = Base.lproj; path = "../../redo ayeee/Homekeeper/Base.lproj"; sourceTree = "<group>"; };
		3FE6A07F1BD0301200C312EA /* Info.plist */ = {isa = PBXFileReference; fileEncoding = 4; lastKnownFileType = text.plist.xml; name = Info.plist; path = "../../../redo ayeee/Homekeeper/Info.plist"; sourceTree = "<group>"; };
		3FE6A0821BD0301200C312EA /* Popover.storyboard */ = {isa = PBXFileReference; fileEncoding = 4; lastKnownFileType = file.storyboard; name = Popover.storyboard; path = "../../redo ayeee/Homekeeper/Popover.storyboard"; sourceTree = "<group>"; };
		3FE6A0871BD0301200C312EA /* ViewController.swift */ = {isa = PBXFileReference; fileEncoding = 4; lastKnownFileType = sourcecode.swift; name = ViewController.swift; path = "../../redo ayeee/Homekeeper/ViewController.swift"; sourceTree = "<group>"; };
		3FE6A0971BD0310B00C312EA /* ChatViewController.swift */ = {isa = PBXFileReference; fileEncoding = 4; lastKnownFileType = sourcecode.swift; path = ChatViewController.swift; sourceTree = "<group>"; };
		420F39C2BD024566E35CB9C3 /* Pods.debug.xcconfig */ = {isa = PBXFileReference; includeInIndex = 1; lastKnownFileType = text.xcconfig; name = Pods.debug.xcconfig; path = "Pods/Target Support Files/Pods/Pods.debug.xcconfig"; sourceTree = "<group>"; };
		6B790607C4D6A552E9FB28FE /* Pods.release.xcconfig */ = {isa = PBXFileReference; includeInIndex = 1; lastKnownFileType = text.xcconfig; name = Pods.release.xcconfig; path = "Pods/Target Support Files/Pods/Pods.release.xcconfig"; sourceTree = "<group>"; };
		9BC0D5C18339632B07140312 /* libPods.a */ = {isa = PBXFileReference; explicitFileType = archive.ar; includeInIndex = 0; path = libPods.a; sourceTree = BUILT_PRODUCTS_DIR; };
/* End PBXFileReference section */

/* Begin PBXFrameworksBuildPhase section */
		26D80D911BA3AE930012ECBC /* Frameworks */ = {
			isa = PBXFrameworksBuildPhase;
			buildActionMask = 2147483647;
			files = (
				C7238548133FC4CF609D6303 /* libPods.a in Frameworks */,
			);
			runOnlyForDeploymentPostprocessing = 0;
		};
		26D80DA61BA3AE930012ECBC /* Frameworks */ = {
			isa = PBXFrameworksBuildPhase;
			buildActionMask = 2147483647;
			files = (
			);
			runOnlyForDeploymentPostprocessing = 0;
		};
/* End PBXFrameworksBuildPhase section */

/* Begin PBXGroup section */
		26D80D8B1BA3AE930012ECBC = {
			isa = PBXGroup;
			children = (
				26D80D961BA3AE930012ECBC /* Homekeeper */,
				26D80DAC1BA3AE930012ECBC /* HomekeeperTests */,
				26D80D951BA3AE930012ECBC /* Products */,
				8517E83F9FA211879C4C5D1F /* Pods */,
				925CFB7E9038ED36A15975E2 /* Frameworks */,
			);
			sourceTree = "<group>";
		};
		26D80D951BA3AE930012ECBC /* Products */ = {
			isa = PBXGroup;
			children = (
				26D80D941BA3AE930012ECBC /* Homekeeper.app */,
				26D80DA91BA3AE930012ECBC /* HomekeeperTests.xctest */,
			);
			name = Products;
			sourceTree = "<group>";
		};
		26D80D961BA3AE930012ECBC /* Homekeeper */ = {
			isa = PBXGroup;
			children = (
				3FE6A07F1BD0301200C312EA /* Info.plist */,
				2FDBCCB71BCF545600DEFA75 /* LogInMain.storyboard */,
				3F6F8F071BD048A200359A64 /* AppDelegate.swift */,
				265719671BBA2D1D00D29495 /* LogInViewController.swift */,
				26CBE1321BCC6EDD00EE78C9 /* SignUpViewController.swift */,
				26D80DA01BA3AE930012ECBC /* Images.xcassets */,
				26D80DA21BA3AE930012ECBC /* LaunchScreen.xib */,
				3FE6A0781BD02FDF00C312EA /* UI */,
				2F9B38E31BC9F0DA00D3D090 /* GroceryList */,
				26D80D971BA3AE930012ECBC /* Supporting Files */,
			);
			path = Homekeeper;
			sourceTree = "<group>";
		};
		26D80D971BA3AE930012ECBC /* Supporting Files */ = {
			isa = PBXGroup;
			children = (
				26D80D981BA3AE930012ECBC /* Info.plist */,
			);
			name = "Supporting Files";
			sourceTree = "<group>";
		};
		26D80DAC1BA3AE930012ECBC /* HomekeeperTests */ = {
			isa = PBXGroup;
			children = (
				26D80DAF1BA3AE930012ECBC /* HomekeeperTests.swift */,
				26D80DAD1BA3AE930012ECBC /* Supporting Files */,
			);
			path = HomekeeperTests;
			sourceTree = "<group>";
		};
		26D80DAD1BA3AE930012ECBC /* Supporting Files */ = {
			isa = PBXGroup;
			children = (
				26D80DAE1BA3AE930012ECBC /* Info.plist */,
			);
			name = "Supporting Files";
			sourceTree = "<group>";
		};
		2F9B38E31BC9F0DA00D3D090 /* GroceryList */ = {
			isa = PBXGroup;
			children = (
				2F9B38EE1BCF430100D3D090 /* GroceryList.storyboard */,
				2F9B38E61BCAC5E600D3D090 /* GroceryTableViewController.swift */,
				2F9B38E41BCAC29500D3D090 /* GroceryItemTableViewCell.swift */,
				26D80D9B1BA3AE930012ECBC /* GroceryItemViewController.swift */,
				2F9B38E11BC9EF3000D3D090 /* GroceryItem.swift */,
				2F9B38E71BCAC5E600D3D090 /* GroceryTableViewController.xib */,
			);
			name = GroceryList;
			sourceTree = "<group>";
		};
		3FE6A0781BD02FDF00C312EA /* UI */ = {
			isa = PBXGroup;
			children = (
				3FE6A07A1BD0301200C312EA /* Base.lproj */,
				3F6F8F091BD0491400359A64 /* BaseTableViewCell.swift */,
				3F6F8F0A1BD0491400359A64 /* ContainerViewController.swift */,
				3F6F8F0B1BD0491400359A64 /* DebtViewController.swift */,
				3F6F8F0C1BD0491400359A64 /* LeftViewController.swift */,
				3F6F8F0D1BD0491400359A64 /* OptionsViewController.swift */,
				3F6F8F0E1BD0491400359A64 /* SlideMenuController.swift */,
				3F6F8F0F1BD0491400359A64 /* StringExtension.swift */,
				3F6F8F101BD0491400359A64 /* UITableViewExtension.swift */,
				3F6F8F111BD0491400359A64 /* UIViewControllerExtension.swift */,
				3FE6A0971BD0310B00C312EA /* ChatViewController.swift */,
				3FE6A0821BD0301200C312EA /* Popover.storyboard */,
				3FE6A0871BD0301200C312EA /* ViewController.swift */,
			);
			name = UI;
			path = ..;
			sourceTree = "<group>";
		};
		8517E83F9FA211879C4C5D1F /* Pods */ = {
			isa = PBXGroup;
			children = (
				420F39C2BD024566E35CB9C3 /* Pods.debug.xcconfig */,
				6B790607C4D6A552E9FB28FE /* Pods.release.xcconfig */,
			);
			name = Pods;
			sourceTree = "<group>";
		};
		925CFB7E9038ED36A15975E2 /* Frameworks */ = {
			isa = PBXGroup;
			children = (
				9BC0D5C18339632B07140312 /* libPods.a */,
			);
			name = Frameworks;
			sourceTree = "<group>";
		};
/* End PBXGroup section */

/* Begin PBXNativeTarget section */
		26D80D931BA3AE930012ECBC /* Homekeeper */ = {
			isa = PBXNativeTarget;
			buildConfigurationList = 26D80DB31BA3AE930012ECBC /* Build configuration list for PBXNativeTarget "Homekeeper" */;
			buildPhases = (
				12445653C55D3210B499574F /* Check Pods Manifest.lock */,
				26D80D901BA3AE930012ECBC /* Sources */,
				26D80D911BA3AE930012ECBC /* Frameworks */,
				26D80D921BA3AE930012ECBC /* Resources */,
				F24342C8FEC0A64C88257EFA /* Copy Pods Resources */,
			);
			buildRules = (
			);
			dependencies = (
			);
			name = Homekeeper;
			productName = Homekeeper;
			productReference = 26D80D941BA3AE930012ECBC /* Homekeeper.app */;
			productType = "com.apple.product-type.application";
		};
		26D80DA81BA3AE930012ECBC /* HomekeeperTests */ = {
			isa = PBXNativeTarget;
			buildConfigurationList = 26D80DB61BA3AE930012ECBC /* Build configuration list for PBXNativeTarget "HomekeeperTests" */;
			buildPhases = (
				26D80DA51BA3AE930012ECBC /* Sources */,
				26D80DA61BA3AE930012ECBC /* Frameworks */,
				26D80DA71BA3AE930012ECBC /* Resources */,
			);
			buildRules = (
			);
			dependencies = (
				26D80DAB1BA3AE930012ECBC /* PBXTargetDependency */,
			);
			name = HomekeeperTests;
			productName = HomekeeperTests;
			productReference = 26D80DA91BA3AE930012ECBC /* HomekeeperTests.xctest */;
			productType = "com.apple.product-type.bundle.unit-test";
		};
/* End PBXNativeTarget section */

/* Begin PBXProject section */
		26D80D8C1BA3AE930012ECBC /* Project object */ = {
			isa = PBXProject;
			attributes = {
				LastSwiftUpdateCheck = 0700;
				LastUpgradeCheck = 0700;
				ORGANIZATIONNAME = Team9;
				TargetAttributes = {
					26D80D931BA3AE930012ECBC = {
						CreatedOnToolsVersion = 6.4;
					};
					26D80DA81BA3AE930012ECBC = {
						CreatedOnToolsVersion = 6.4;
						TestTargetID = 26D80D931BA3AE930012ECBC;
					};
				};
			};
			buildConfigurationList = 26D80D8F1BA3AE930012ECBC /* Build configuration list for PBXProject "Homekeeper" */;
			compatibilityVersion = "Xcode 6.3";
			developmentRegion = English;
			hasScannedForEncodings = 0;
			knownRegions = (
				en,
				Base,
			);
			mainGroup = 26D80D8B1BA3AE930012ECBC;
			productRefGroup = 26D80D951BA3AE930012ECBC /* Products */;
			projectDirPath = "";
			projectRoot = "";
			targets = (
				26D80D931BA3AE930012ECBC /* Homekeeper */,
				26D80DA81BA3AE930012ECBC /* HomekeeperTests */,
			);
		};
/* End PBXProject section */

/* Begin PBXResourcesBuildPhase section */
		26D80D921BA3AE930012ECBC /* Resources */ = {
			isa = PBXResourcesBuildPhase;
			buildActionMask = 2147483647;
			files = (
				3FE6A08E1BD0301200C312EA /* Info.plist in Resources */,
				2F9B38EF1BCF430100D3D090 /* GroceryList.storyboard in Resources */,
				2FDBCCB81BCF545600DEFA75 /* LogInMain.storyboard in Resources */,
				3FE6A0911BD0301200C312EA /* Popover.storyboard in Resources */,
				2F9B38E91BCAC5E600D3D090 /* GroceryTableViewController.xib in Resources */,
				26D80DA41BA3AE930012ECBC /* LaunchScreen.xib in Resources */,
				3FE6A0891BD0301200C312EA /* Base.lproj in Resources */,
				26D80DA11BA3AE930012ECBC /* Images.xcassets in Resources */,
			);
			runOnlyForDeploymentPostprocessing = 0;
		};
		26D80DA71BA3AE930012ECBC /* Resources */ = {
			isa = PBXResourcesBuildPhase;
			buildActionMask = 2147483647;
			files = (
			);
			runOnlyForDeploymentPostprocessing = 0;
		};
/* End PBXResourcesBuildPhase section */

/* Begin PBXShellScriptBuildPhase section */
		12445653C55D3210B499574F /* Check Pods Manifest.lock */ = {
			isa = PBXShellScriptBuildPhase;
			buildActionMask = 2147483647;
			files = (
			);
			inputPaths = (
			);
			name = "Check Pods Manifest.lock";
			outputPaths = (
			);
			runOnlyForDeploymentPostprocessing = 0;
			shellPath = /bin/sh;
			shellScript = "diff \"${PODS_ROOT}/../Podfile.lock\" \"${PODS_ROOT}/Manifest.lock\" > /dev/null\nif [[ $? != 0 ]] ; then\n    cat << EOM\nerror: The sandbox is not in sync with the Podfile.lock. Run 'pod install' or update your CocoaPods installation.\nEOM\n    exit 1\nfi\n";
			showEnvVarsInLog = 0;
		};
		F24342C8FEC0A64C88257EFA /* Copy Pods Resources */ = {
			isa = PBXShellScriptBuildPhase;
			buildActionMask = 2147483647;
			files = (
			);
			inputPaths = (
			);
			name = "Copy Pods Resources";
			outputPaths = (
			);
			runOnlyForDeploymentPostprocessing = 0;
			shellPath = /bin/sh;
			shellScript = "\"${SRCROOT}/Pods/Target Support Files/Pods/Pods-resources.sh\"\n";
			showEnvVarsInLog = 0;
		};
/* End PBXShellScriptBuildPhase section */

/* Begin PBXSourcesBuildPhase section */
		26D80D901BA3AE930012ECBC /* Sources */ = {
			isa = PBXSourcesBuildPhase;
			buildActionMask = 2147483647;
			files = (
				3F6F8F081BD048A200359A64 /* AppDelegate.swift in Sources */,
				3F6F8F161BD0491400359A64 /* OptionsViewController.swift in Sources */,
				3F6F8F131BD0491400359A64 /* ContainerViewController.swift in Sources */,
				3F6F8F121BD0491400359A64 /* BaseTableViewCell.swift in Sources */,
				3F6F8F151BD0491400359A64 /* LeftViewController.swift in Sources */,
				3F6F8F181BD0491400359A64 /* StringExtension.swift in Sources */,
				26CBE1331BCC6EDD00EE78C9 /* SignUpViewController.swift in Sources */,
				3F6F8F1A1BD0491400359A64 /* UIViewControllerExtension.swift in Sources */,
				265719681BBA2D1D00D29495 /* LogInViewController.swift in Sources */,
				26D80D9C1BA3AE930012ECBC /* GroceryItemViewController.swift in Sources */,
				2F9B38E21BC9EF3000D3D090 /* GroceryItem.swift in Sources */,
				3FE6A0961BD0301200C312EA /* ViewController.swift in Sources */,
				3F6F8F141BD0491400359A64 /* DebtViewController.swift in Sources */,
				3F6F8F191BD0491400359A64 /* UITableViewExtension.swift in Sources */,
				2F9B38E81BCAC5E600D3D090 /* GroceryTableViewController.swift in Sources */,
				3FE6A0981BD0310B00C312EA /* ChatViewController.swift in Sources */,
				3F6F8F171BD0491400359A64 /* SlideMenuController.swift in Sources */,
				2F9B38E51BCAC29500D3D090 /* GroceryItemTableViewCell.swift in Sources */,
			);
			runOnlyForDeploymentPostprocessing = 0;
		};
		26D80DA51BA3AE930012ECBC /* Sources */ = {
			isa = PBXSourcesBuildPhase;
			buildActionMask = 2147483647;
			files = (
				26D80DB01BA3AE930012ECBC /* HomekeeperTests.swift in Sources */,
			);
			runOnlyForDeploymentPostprocessing = 0;
		};
/* End PBXSourcesBuildPhase section */

/* Begin PBXTargetDependency section */
		26D80DAB1BA3AE930012ECBC /* PBXTargetDependency */ = {
			isa = PBXTargetDependency;
			target = 26D80D931BA3AE930012ECBC /* Homekeeper */;
			targetProxy = 26D80DAA1BA3AE930012ECBC /* PBXContainerItemProxy */;
		};
/* End PBXTargetDependency section */

/* Begin PBXVariantGroup section */
		26D80DA21BA3AE930012ECBC /* LaunchScreen.xib */ = {
			isa = PBXVariantGroup;
			children = (
				26D80DA31BA3AE930012ECBC /* Base */,
			);
			name = LaunchScreen.xib;
			sourceTree = "<group>";
		};
/* End PBXVariantGroup section */

/* Begin XCBuildConfiguration section */
		26D80DB11BA3AE930012ECBC /* Debug */ = {
			isa = XCBuildConfiguration;
			buildSettings = {
				ALWAYS_SEARCH_USER_PATHS = NO;
				CLANG_CXX_LANGUAGE_STANDARD = "gnu++0x";
				CLANG_CXX_LIBRARY = "libc++";
				CLANG_ENABLE_MODULES = YES;
				CLANG_ENABLE_OBJC_ARC = YES;
				CLANG_WARN_BOOL_CONVERSION = YES;
				CLANG_WARN_CONSTANT_CONVERSION = YES;
				CLANG_WARN_DIRECT_OBJC_ISA_USAGE = YES_ERROR;
				CLANG_WARN_EMPTY_BODY = YES;
				CLANG_WARN_ENUM_CONVERSION = YES;
				CLANG_WARN_INT_CONVERSION = YES;
				CLANG_WARN_OBJC_ROOT_CLASS = YES_ERROR;
				CLANG_WARN_UNREACHABLE_CODE = YES;
				CLANG_WARN__DUPLICATE_METHOD_MATCH = YES;
				"CODE_SIGN_IDENTITY[sdk=iphoneos*]" = "iPhone Developer";
				COPY_PHASE_STRIP = NO;
				DEBUG_INFORMATION_FORMAT = "dwarf-with-dsym";
				ENABLE_BITCODE = NO;
				ENABLE_STRICT_OBJC_MSGSEND = YES;
				ENABLE_TESTABILITY = YES;
				GCC_C_LANGUAGE_STANDARD = gnu99;
				GCC_DYNAMIC_NO_PIC = NO;
				GCC_NO_COMMON_BLOCKS = YES;
				GCC_OPTIMIZATION_LEVEL = 0;
				GCC_PREPROCESSOR_DEFINITIONS = (
					"DEBUG=1",
					"$(inherited)",
				);
				GCC_SYMBOLS_PRIVATE_EXTERN = NO;
				GCC_WARN_64_TO_32_BIT_CONVERSION = YES;
				GCC_WARN_ABOUT_RETURN_TYPE = YES_ERROR;
				GCC_WARN_UNDECLARED_SELECTOR = YES;
				GCC_WARN_UNINITIALIZED_AUTOS = YES_AGGRESSIVE;
				GCC_WARN_UNUSED_FUNCTION = YES;
				GCC_WARN_UNUSED_VARIABLE = YES;
				IPHONEOS_DEPLOYMENT_TARGET = 9.0;
				MTL_ENABLE_DEBUG_INFO = YES;
				ONLY_ACTIVE_ARCH = YES;
				SDKROOT = iphoneos;
				SWIFT_OPTIMIZATION_LEVEL = "-Onone";
				TARGETED_DEVICE_FAMILY = "1,2";
			};
			name = Debug;
		};
		26D80DB21BA3AE930012ECBC /* Release */ = {
			isa = XCBuildConfiguration;
			buildSettings = {
				ALWAYS_SEARCH_USER_PATHS = NO;
				CLANG_CXX_LANGUAGE_STANDARD = "gnu++0x";
				CLANG_CXX_LIBRARY = "libc++";
				CLANG_ENABLE_MODULES = YES;
				CLANG_ENABLE_OBJC_ARC = YES;
				CLANG_WARN_BOOL_CONVERSION = YES;
				CLANG_WARN_CONSTANT_CONVERSION = YES;
				CLANG_WARN_DIRECT_OBJC_ISA_USAGE = YES_ERROR;
				CLANG_WARN_EMPTY_BODY = YES;
				CLANG_WARN_ENUM_CONVERSION = YES;
				CLANG_WARN_INT_CONVERSION = YES;
				CLANG_WARN_OBJC_ROOT_CLASS = YES_ERROR;
				CLANG_WARN_UNREACHABLE_CODE = YES;
				CLANG_WARN__DUPLICATE_METHOD_MATCH = YES;
				"CODE_SIGN_IDENTITY[sdk=iphoneos*]" = "iPhone Developer";
				COPY_PHASE_STRIP = NO;
				DEBUG_INFORMATION_FORMAT = "dwarf-with-dsym";
				ENABLE_BITCODE = NO;
				ENABLE_NS_ASSERTIONS = NO;
				ENABLE_STRICT_OBJC_MSGSEND = YES;
				GCC_C_LANGUAGE_STANDARD = gnu99;
				GCC_NO_COMMON_BLOCKS = YES;
				GCC_WARN_64_TO_32_BIT_CONVERSION = YES;
				GCC_WARN_ABOUT_RETURN_TYPE = YES_ERROR;
				GCC_WARN_UNDECLARED_SELECTOR = YES;
				GCC_WARN_UNINITIALIZED_AUTOS = YES_AGGRESSIVE;
				GCC_WARN_UNUSED_FUNCTION = YES;
				GCC_WARN_UNUSED_VARIABLE = YES;
				IPHONEOS_DEPLOYMENT_TARGET = 9.0;
				MTL_ENABLE_DEBUG_INFO = NO;
				SDKROOT = iphoneos;
				TARGETED_DEVICE_FAMILY = "1,2";
				VALIDATE_PRODUCT = YES;
			};
			name = Release;
		};
		26D80DB41BA3AE930012ECBC /* Debug */ = {
			isa = XCBuildConfiguration;
			baseConfigurationReference = 420F39C2BD024566E35CB9C3 /* Pods.debug.xcconfig */;
			buildSettings = {
				ASSETCATALOG_COMPILER_APPICON_NAME = AppIcon;
				CODE_SIGN_IDENTITY = "iPhone Developer";
				"CODE_SIGN_IDENTITY[sdk=*]" = "iPhone Developer";
				INFOPLIST_FILE = Homekeeper/Info.plist;
				IPHONEOS_DEPLOYMENT_TARGET = 9.0;
				LD_RUNPATH_SEARCH_PATHS = "$(inherited) @executable_path/Frameworks";
				PRODUCT_BUNDLE_IDENTIFIER = "Team9.$(PRODUCT_NAME:rfc1034identifier)";
				PRODUCT_NAME = "$(TARGET_NAME)";
			};
			name = Debug;
		};
		26D80DB51BA3AE930012ECBC /* Release */ = {
			isa = XCBuildConfiguration;
			baseConfigurationReference = 6B790607C4D6A552E9FB28FE /* Pods.release.xcconfig */;
			buildSettings = {
				ASSETCATALOG_COMPILER_APPICON_NAME = AppIcon;
				CODE_SIGN_IDENTITY = "iPhone Developer";
				INFOPLIST_FILE = Homekeeper/Info.plist;
				IPHONEOS_DEPLOYMENT_TARGET = 9.0;
				LD_RUNPATH_SEARCH_PATHS = "$(inherited) @executable_path/Frameworks";
				PRODUCT_BUNDLE_IDENTIFIER = "Team9.$(PRODUCT_NAME:rfc1034identifier)";
				PRODUCT_NAME = "$(TARGET_NAME)";
			};
			name = Release;
		};
		26D80DB71BA3AE930012ECBC /* Debug */ = {
			isa = XCBuildConfiguration;
			buildSettings = {
				BUNDLE_LOADER = "$(TEST_HOST)";
				FRAMEWORK_SEARCH_PATHS = (
					"$(SDKROOT)/Developer/Library/Frameworks",
					"$(inherited)",
				);
				GCC_PREPROCESSOR_DEFINITIONS = (
					"DEBUG=1",
					"$(inherited)",
				);
				INFOPLIST_FILE = HomekeeperTests/Info.plist;
				LD_RUNPATH_SEARCH_PATHS = "$(inherited) @executable_path/Frameworks @loader_path/Frameworks";
				PRODUCT_BUNDLE_IDENTIFIER = "WilliamHuang.$(PRODUCT_NAME:rfc1034identifier)";
				PRODUCT_NAME = "$(TARGET_NAME)";
				TEST_HOST = "$(BUILT_PRODUCTS_DIR)/Homekeeper.app/Homekeeper";
			};
			name = Debug;
		};
		26D80DB81BA3AE930012ECBC /* Release */ = {
			isa = XCBuildConfiguration;
			buildSettings = {
				BUNDLE_LOADER = "$(TEST_HOST)";
				FRAMEWORK_SEARCH_PATHS = (
					"$(SDKROOT)/Developer/Library/Frameworks",
					"$(inherited)",
				);
				INFOPLIST_FILE = HomekeeperTests/Info.plist;
				LD_RUNPATH_SEARCH_PATHS = "$(inherited) @executable_path/Frameworks @loader_path/Frameworks";
				PRODUCT_BUNDLE_IDENTIFIER = "WilliamHuang.$(PRODUCT_NAME:rfc1034identifier)";
				PRODUCT_NAME = "$(TARGET_NAME)";
				TEST_HOST = "$(BUILT_PRODUCTS_DIR)/Homekeeper.app/Homekeeper";
			};
			name = Release;
		};
/* End XCBuildConfiguration section */

/* Begin XCConfigurationList section */
		26D80D8F1BA3AE930012ECBC /* Build configuration list for PBXProject "Homekeeper" */ = {
			isa = XCConfigurationList;
			buildConfigurations = (
				26D80DB11BA3AE930012ECBC /* Debug */,
				26D80DB21BA3AE930012ECBC /* Release */,
			);
			defaultConfigurationIsVisible = 0;
			defaultConfigurationName = Release;
		};
		26D80DB31BA3AE930012ECBC /* Build configuration list for PBXNativeTarget "Homekeeper" */ = {
			isa = XCConfigurationList;
			buildConfigurations = (
				26D80DB41BA3AE930012ECBC /* Debug */,
				26D80DB51BA3AE930012ECBC /* Release */,
			);
			defaultConfigurationIsVisible = 0;
			defaultConfigurationName = Release;
		};
		26D80DB61BA3AE930012ECBC /* Build configuration list for PBXNativeTarget "HomekeeperTests" */ = {
			isa = XCConfigurationList;
			buildConfigurations = (
				26D80DB71BA3AE930012ECBC /* Debug */,
				26D80DB81BA3AE930012ECBC /* Release */,
			);
			defaultConfigurationIsVisible = 0;
			defaultConfigurationName = Release;
		};
/* End XCConfigurationList section */
	};
	rootObject = 26D80D8C1BA3AE930012ECBC /* Project object */;
}
